
Microsoft Visual Studio Solution File, Format Version 12.00
# Visual Studio Version 17
VisualStudioVersion = 17.4.33205.214
MinimumVisualStudioVersion = 10.0.40219.1
Project("{FAE04EC0-301F-11D3-BF4B-00C04F79EFBC}") = "RegisterTaskWPF", "RegisterTaskWPF\RegisterTaskWPF.csproj", "{665C6313-1405-46D0-96E0-D90AA3F52A7C}"
EndProject
Global
	GlobalSection(SolutionConfigurationPlatforms) = preSolution
		Debug|Any CPU = Debug|Any CPU
		Release|Any CPU = Release|Any CPU
	EndGlobalSection
	GlobalSection(ProjectConfigurationPlatforms) = postSolution
		{665C6313-1405-46D0-96E0-D90AA3F52A7C}.Debug|Any CPU.ActiveCfg = Debug|Any CPU
		{665C6313-1405-46D0-96E0-D90AA3F52A7C}.Debug|Any CPU.Build.0 = Debug|Any CPU
		{665C6313-1405-46D0-96E0-D90AA3F52A7C}.Release|Any CPU.ActiveCfg = Release|Any CPU
		{665C6313-1405-46D0-96E0-D90AA3F52A7C}.Release|Any CPU.Build.0 = Release|Any CPU
	EndGlobalSection
	GlobalSection(SolutionProperties) = preSolution
		HideSolutionNode = FALSE
	EndGlobalSection
	GlobalSection(ExtensibilityGlobals) = postSolution
		SolutionGuid = {52FF8420-3C1F-469A-B1CB-48EA76BA90D7}
	EndGlobalSection
EndGlobal
